{
  "name": "New folder",
  "lockfileVersion": 3,
  "requires": true,
  "packages": {
    "": {
      "dependencies": {
        "@fluentui/svg-icons": "^1.1.313"
      }
    },
    "node_modules/@fluentui/svg-icons": {
      "version": "1.1.313",
      "resolved": "https://registry.npmjs.org/@fluentui/svg-icons/-/svg-icons-1.1.313.tgz",
      "integrity": "sha512-n+oUZF/0xAgEuDWE9ydMIPI6gN6Ix/PzEku1bbJSmNZmcrNlhqhuOzwzEVMHJPHjVE7BHcMKTjAt2gYnPzSzrg==",
      "license": "MIT"
    }
  }
}
